# Accepted Northstar development-channel source lock.
# Values match signed repository revision 80 and package 0.2.0.

FREEBSD_RELEASE=15.1-RELEASE
FREEBSD_ARCH=amd64

PORTS_BRANCH=2026Q3
PORTS_COMMIT=4b25b85e24de5b0b987376e95fc49f30dd1d00aa

QT_PACKAGE_VERSION=6.11.1
WAYFIRE_PACKAGE_VERSION=0.10.1

PROJECT_COMMIT=475ac7a48e1a7356625227239e58a5f70750372d
