# Northstar M6 Intel Alpha RC development-channel source lock.
# Values match package 0.2.7 and signed repository revision 87.

FREEBSD_RELEASE=15.1-RELEASE
FREEBSD_ARCH=amd64

PORTS_BRANCH=2026Q3
PORTS_COMMIT=e2df2f3b1ae51e64ea850e458fd33eb0d7c292ba

QT_PACKAGE_VERSION=6.11.1
WAYFIRE_PACKAGE_VERSION=0.10.1

PROJECT_COMMIT=7af49d6fc2a0f88c401e6be217222095d866fcea
