# Northstar M5 QCOW2 input lock.
#
# Release sets are official FreeBSD 15.1-RELEASE amd64 artifacts. The
# Northstar package is the current M6 Intel Alpha RC revision-87 candidate.
# This lock is an input contract only; it does not authorize disk mutation.

SCHEMA_VERSION=1
TARGET_FORMAT=qcow2
FIRMWARE=UEFI
ROOT_FILESYSTEM=ZFS
FREEBSD_RELEASE=15.1-RELEASE
FREEBSD_ARCH=amd64
FREEBSD_ABI=FreeBSD:15:amd64
FREEBSD_KERNEL_ABI=1501000
FREEBSD_SOURCE_REVISION=96841ea08dcf95628a104c68f31d9a7856de4da0
SOURCE_DATE_EPOCH=1786587951
RELEASE_BASE_URL=https://download.freebsd.org/releases/amd64/amd64/15.1-RELEASE
RELEASE_MANIFEST=MANIFEST
RELEASE_MANIFEST_SHA256=70ba0347054099662f22434797f1f33be289fc868ba58d6069a490b3e395d684
BASE_ARTIFACT=base.txz
BASE_SHA256=3768988b151c20f965679062b065c63a977d6bbb9f47fd83695ec2c40790c18f
BASE_SIZE=164624792
KERNEL_ARTIFACT=kernel.txz
KERNEL_SHA256=49fea8ee25d0b1c523a02309efe4711d44a21ed0b36fb4191936a27a09324313
KERNEL_SIZE=45113908
RFCOMM_MODULE_ARTIFACT=ng_btsocket-rfcomm-listener-upcall-15.1-amd64.ko
RFCOMM_MODULE_SHA256=7e0794b0f430c77a58ce7a700c04750e217a10c3774820a2dde0d64fdc126ca8
RFCOMM_MODULE_SIZE=214184
RFCOMM_STOCK_MODULE_SHA256=fac9f29d5f6b40f113817d26258fddb823ee290bde10086b1acea81abc809dac
NORTHSTAR_PACKAGE=northstar-0.2.7-amd64.pkg
NORTHSTAR_PACKAGE_VERSION=0.2.7
NORTHSTAR_PACKAGE_SHA256=0208758979f1c7ea33b1711b249a82ffb31093538a1fc1612ff4a2bf289b6dc1
NORTHSTAR_SOURCE_REVISION=61b9b00618cf0f0221f3c5e4b82beb7cae0ca4ce
NORTHSTAR_REPOSITORY_REVISION=87
NORTHSTAR_CATALOGUE_SHA256=9c3a1f6ccee515e3b45475ab7c3292a710be1a1443bf2474eb5f287efd87ae19
NORTHSTAR_METADATA_SHA256=2f5ede1d1fa7c46a450e5365b458d69a2a9c94849e3ff0c1786c1df086819dc9
NORTHSTAR_SIGNATURE_FINGERPRINT=aa2240078b86af8ff1fee426942e9ec16c251b6ff61b9a80d1dfba125a7b8325
