# Northstar M5 QCOW2 input lock.
#
# Release sets are official FreeBSD 15.1-RELEASE amd64 artifacts. The
# Northstar package is the corrected PR 87 revision-83 release-candidate package. This
# lock is an input contract only; it does not authorize disk mutation.

SCHEMA_VERSION=1
TARGET_FORMAT=qcow2
FIRMWARE=UEFI
ROOT_FILESYSTEM=ZFS
FREEBSD_RELEASE=15.1-RELEASE
FREEBSD_ARCH=amd64
FREEBSD_ABI=FreeBSD:15:amd64
SOURCE_DATE_EPOCH=1786587951
RELEASE_BASE_URL=https://download.freebsd.org/releases/amd64/amd64/15.1-RELEASE
RELEASE_MANIFEST=MANIFEST
RELEASE_MANIFEST_SHA256=70ba0347054099662f22434797f1f33be289fc868ba58d6069a490b3e395d684
BASE_ARTIFACT=base.txz
BASE_SHA256=3768988b151c20f965679062b065c63a977d6bbb9f47fd83695ec2c40790c18f
BASE_SIZE=164624792
KERNEL_ARTIFACT=kernel.txz
KERNEL_SHA256=49fea8ee25d0b1c523a02309efe4711d44a21ed0b36fb4191936a27a09324313
KERNEL_SIZE=45113908
NORTHSTAR_PACKAGE=northstar-0.2.3-amd64.pkg
NORTHSTAR_PACKAGE_VERSION=0.2.3
NORTHSTAR_PACKAGE_SHA256=c20d2b5eb27d6c9a7ddb3dfa0f216340f3f12ad7c0caf94e5a81f6639e10bffe
NORTHSTAR_SOURCE_REVISION=b728271af4112c8b484c7b414cb52b629651923f
NORTHSTAR_REPOSITORY_REVISION=83
NORTHSTAR_CATALOGUE_SHA256=6302019bafbb03ac15a7e48b4945fe099af10d930d1c86fd13a4bee08276bdf1
NORTHSTAR_METADATA_SHA256=f868f0920184a2d4e60a194f1cfac5ecb6b6ab1860991a9cfec83e1ad7c35f66
NORTHSTAR_SIGNATURE_FINGERPRINT=64def739dd467ced96594d4c52d53f3c39381d8b233fde82537ddc12fbff6c42
