# Northstar M5 QCOW2 input lock.
#
# Release sets are official FreeBSD 15.1-RELEASE amd64 artifacts. The
# Northstar package is the M5 installer release-candidate revision-81 package. This
# lock is an input contract only; it does not authorize disk mutation.

SCHEMA_VERSION=1
TARGET_FORMAT=qcow2
FIRMWARE=UEFI
ROOT_FILESYSTEM=ZFS
FREEBSD_RELEASE=15.1-RELEASE
FREEBSD_ARCH=amd64
FREEBSD_ABI=FreeBSD:15:amd64
SOURCE_DATE_EPOCH=1786587951
RELEASE_BASE_URL=https://download.freebsd.org/releases/amd64/amd64/15.1-RELEASE
RELEASE_MANIFEST=MANIFEST
RELEASE_MANIFEST_SHA256=70ba0347054099662f22434797f1f33be289fc868ba58d6069a490b3e395d684
BASE_ARTIFACT=base.txz
BASE_SHA256=3768988b151c20f965679062b065c63a977d6bbb9f47fd83695ec2c40790c18f
BASE_SIZE=164624792
KERNEL_ARTIFACT=kernel.txz
KERNEL_SHA256=49fea8ee25d0b1c523a02309efe4711d44a21ed0b36fb4191936a27a09324313
KERNEL_SIZE=45113908
NORTHSTAR_PACKAGE=northstar-0.2.1-amd64.pkg
NORTHSTAR_PACKAGE_VERSION=0.2.1
NORTHSTAR_PACKAGE_SHA256=af4dd03581048ed46c9017b8227c43e47cd2d1c47974202bf0bbd21cfe91b83b
NORTHSTAR_SOURCE_REVISION=2002b9b2a9d8260d356a0b08539db7aeccf38293
NORTHSTAR_REPOSITORY_REVISION=81
NORTHSTAR_CATALOGUE_SHA256=fa0528ef1807b15f7b6fe17bb7ade9e48753e84e5fa15a69407ffadd82a7b918
NORTHSTAR_METADATA_SHA256=68fc6ec21589680d886f0e984bd54baaa7ba2e98aa098b02f07554f19360401e
NORTHSTAR_SIGNATURE_FINGERPRINT=894937b31ba0cd7c3dbff9df97c774dceb2c3c27b6607841a8444cb023e242a4
